
Microsoft Visual Studio Solution File, Format Version 12.00
# Visual Studio Version 17
VisualStudioVersion = 17.1.32407.343
MinimumVisualStudioVersion = 10.0.40219.1
Project("{FAE04EC0-301F-11D3-BF4B-00C04F79EFBC}") = "03_FactoryMethodDesignPattern", "03_FactoryMethodDesignPattern\03_FactoryMethodDesignPattern.csproj", "{C3F40264-F7C2-4270-82B4-50B7705D1940}"
EndProject
Global
	GlobalSection(SolutionConfigurationPlatforms) = preSolution
		Debug|Any CPU = Debug|Any CPU
		Release|Any CPU = Release|Any CPU
	EndGlobalSection
	GlobalSection(ProjectConfigurationPlatforms) = postSolution
		{C3F40264-F7C2-4270-82B4-50B7705D1940}.Debug|Any CPU.ActiveCfg = Debug|Any CPU
		{C3F40264-F7C2-4270-82B4-50B7705D1940}.Debug|Any CPU.Build.0 = Debug|Any CPU
		{C3F40264-F7C2-4270-82B4-50B7705D1940}.Release|Any CPU.ActiveCfg = Release|Any CPU
		{C3F40264-F7C2-4270-82B4-50B7705D1940}.Release|Any CPU.Build.0 = Release|Any CPU
	EndGlobalSection
	GlobalSection(SolutionProperties) = preSolution
		HideSolutionNode = FALSE
	EndGlobalSection
	GlobalSection(ExtensibilityGlobals) = postSolution
		SolutionGuid = {B2A4483D-F905-485F-A524-ED7B2C662EA6}
	EndGlobalSection
EndGlobal
